
Microsoft Visual Studio Solution File, Format Version 11.00
# Visual Studio 2010
Project("{FAE04EC0-301F-11D3-BF4B-00C04F79EFBC}") = "JENROSE RICEMILL INCOME AND PAYROLL SYSTEM", "JENROSE RICEMILL INCOME AND PAYROLL SYSTEM\JENROSE RICEMILL INCOME AND PAYROLL SYSTEM.csproj", "{C75961AD-407D-4B8E-BAD5-7EA39EA93FF1}"
EndProject
Global
	GlobalSection(SolutionConfigurationPlatforms) = preSolution
		Debug|Any CPU = Debug|Any CPU
		Release|Any CPU = Release|Any CPU
	EndGlobalSection
	GlobalSection(ProjectConfigurationPlatforms) = postSolution
		{C75961AD-407D-4B8E-BAD5-7EA39EA93FF1}.Debug|Any CPU.ActiveCfg = Debug|Any CPU
		{C75961AD-407D-4B8E-BAD5-7EA39EA93FF1}.Debug|Any CPU.Build.0 = Debug|Any CPU
		{C75961AD-407D-4B8E-BAD5-7EA39EA93FF1}.Release|Any CPU.ActiveCfg = Release|Any CPU
		{C75961AD-407D-4B8E-BAD5-7EA39EA93FF1}.Release|Any CPU.Build.0 = Release|Any CPU
	EndGlobalSection
	GlobalSection(SolutionProperties) = preSolution
		HideSolutionNode = FALSE
	EndGlobalSection
EndGlobal
